
Microsoft Visual Studio Solution File, Format Version 12.00
# Visual Studio Version 17
VisualStudioVersion = 17.7.34202.233
MinimumVisualStudioVersion = 10.0.40219.1
Project("{FAE04EC0-301F-11D3-BF4B-00C04F79EFBC}") = "stageAPI", "stageAPI\stageAPI.csproj", "{66147611-54CB-4057-B2E1-1D15E7D9CBC9}"
EndProject
Global
	GlobalSection(SolutionConfigurationPlatforms) = preSolution
		Debug|Any CPU = Debug|Any CPU
		Release|Any CPU = Release|Any CPU
	EndGlobalSection
	GlobalSection(ProjectConfigurationPlatforms) = postSolution
		{66147611-54CB-4057-B2E1-1D15E7D9CBC9}.Debug|Any CPU.ActiveCfg = Debug|Any CPU
		{66147611-54CB-4057-B2E1-1D15E7D9CBC9}.Debug|Any CPU.Build.0 = Debug|Any CPU
		{66147611-54CB-4057-B2E1-1D15E7D9CBC9}.Release|Any CPU.ActiveCfg = Release|Any CPU
		{66147611-54CB-4057-B2E1-1D15E7D9CBC9}.Release|Any CPU.Build.0 = Release|Any CPU
	EndGlobalSection
	GlobalSection(SolutionProperties) = preSolution
		HideSolutionNode = FALSE
	EndGlobalSection
	GlobalSection(ExtensibilityGlobals) = postSolution
		SolutionGuid = {F94C3386-8937-4702-A41E-5C01AD48A36D}
	EndGlobalSection
EndGlobal
